
Microsoft Visual Studio Solution File, Format Version 12.00
# Visual Studio Version 16
VisualStudioVersion = 16.0.30804.86
MinimumVisualStudioVersion = 10.0.40219.1
Project("{FAE04EC0-301F-11D3-BF4B-00C04F79EFBC}") = "CustumerOrderViewer", "CustumerOrderViewer.csproj", "{B79C4233-D970-40E6-9933-0DA1A9BA1D8F}"
EndProject
Global
	GlobalSection(SolutionConfigurationPlatforms) = preSolution
		Debug|Any CPU = Debug|Any CPU
		Release|Any CPU = Release|Any CPU
	EndGlobalSection
	GlobalSection(ProjectConfigurationPlatforms) = postSolution
		{B79C4233-D970-40E6-9933-0DA1A9BA1D8F}.Debug|Any CPU.ActiveCfg = Debug|Any CPU
		{B79C4233-D970-40E6-9933-0DA1A9BA1D8F}.Debug|Any CPU.Build.0 = Debug|Any CPU
		{B79C4233-D970-40E6-9933-0DA1A9BA1D8F}.Release|Any CPU.ActiveCfg = Release|Any CPU
		{B79C4233-D970-40E6-9933-0DA1A9BA1D8F}.Release|Any CPU.Build.0 = Release|Any CPU
	EndGlobalSection
	GlobalSection(SolutionProperties) = preSolution
		HideSolutionNode = FALSE
	EndGlobalSection
	GlobalSection(ExtensibilityGlobals) = postSolution
		SolutionGuid = {016809CD-BBD1-400D-A82D-2010368F2BC5}
	EndGlobalSection
EndGlobal
